Microsoft Visual Studio Solution File, Format Version 12.00
# Visual Studio Version 17
VisualStudioVersion = 17.5.2.0
MinimumVisualStudioVersion = 10.0.40219.1
Project("{FAE04EC0-301F-11D3-BF4B-00C04F79EFBC}") = "AutoTestId.McpServer", "AutoTestId.McpServer.csproj", "{531F0FA8-15A6-2360-911F-5BEC26921905}"
EndProject
Global
	GlobalSection(SolutionConfigurationPlatforms) = preSolution
		Debug|Any CPU = Debug|Any CPU
		Release|Any CPU = Release|Any CPU
	EndGlobalSection
	GlobalSection(ProjectConfigurationPlatforms) = postSolution
		{531F0FA8-15A6-2360-911F-5BEC26921905}.Debug|Any CPU.ActiveCfg = Debug|Any CPU
		{531F0FA8-15A6-2360-911F-5BEC26921905}.Debug|Any CPU.Build.0 = Debug|Any CPU
		{531F0FA8-15A6-2360-911F-5BEC26921905}.Release|Any CPU.ActiveCfg = Release|Any CPU
		{531F0FA8-15A6-2360-911F-5BEC26921905}.Release|Any CPU.Build.0 = Release|Any CPU
	EndGlobalSection
	GlobalSection(SolutionProperties) = preSolution
		HideSolutionNode = FALSE
	EndGlobalSection
	GlobalSection(ExtensibilityGlobals) = postSolution
		SolutionGuid = {7513329A-B458-4F80-A698-A755805DB326}
	EndGlobalSection
EndGlobal
